# This file is automatically @generated by Cargo.
# It is not intended for manual editing.
version = 4

[[package]]
name = "libc"
version = "0.2.189"
source = "registry+https://github.com/rust-lang/crates.io-index"
checksum = "3eaf3ede3fee6db1a4c2ee091bf8a8b4dccdc6d17f656fb07896ee72867612f2"

[[package]]
name = "redb"
version = "4.1.0"
source = "registry+https://github.com/rust-lang/crates.io-index"
checksum = "8e925444704b5f17d32bf42f5b6e2df050bceebc3dcd6e71cc73dafe8092e839"
dependencies = [
 "libc",
]

[[package]]
name = "redb-guest"
version = "0.1.0"
dependencies = [
 "redb",
]
